// !$*UTF8*$!
{
	archiveVersion = 1;
	classes = {
	};
	objectVersion = 51;
	objects = {

/* Begin PBXBuildFile section */
		2D2A08C47B524436A96799D7 /* Pods_Nutorition_NutoritionUITests.framework in Frameworks */ = {isa = PBXBuildFile; fileRef = A72971D2606C52D6291D0187 /* Pods_Nutorition_NutoritionUITests.framework */; };
		40AB434BA66FC7A22F8237BC /* Pods_NutoritionTests.framework in Frameworks */ = {isa = PBXBuildFile; fileRef = BA71636B93B2BE073ED6F4F6 /* Pods_NutoritionTests.framework */; };
		8243E200277DF82800CB063D /* RecipeCreateViewController.swift in Sources */ = {isa = PBXBuildFile; fileRef = 8243E1FF277DF82800CB063D /* RecipeCreateViewController.swift */; };
		824B55FC2742C4F000EAD5D3 /* UserDefaults.swift in Sources */ = {isa = PBXBuildFile; fileRef = 824B55FB2742C4EF00EAD5D3 /* UserDefaults.swift */; };
		824B55FE2742C50900EAD5D3 /* Constants.swift in Sources */ = {isa = PBXBuildFile; fileRef = 824B55FD2742C50900EAD5D3 /* Constants.swift */; };
		824B5600274348DE00EAD5D3 /* FoodListViewModel.swift in Sources */ = {isa = PBXBuildFile; fileRef = 824B55FF274348DE00EAD5D3 /* FoodListViewModel.swift */; };
		824B560227434B1100EAD5D3 /* FoodViewModel.swift in Sources */ = {isa = PBXBuildFile; fileRef = 824B560127434B1100EAD5D3 /* FoodViewModel.swift */; };
		824B56042743532600EAD5D3 /* DropDownMenuViewModel.swift in Sources */ = {isa = PBXBuildFile; fileRef = 824B56032743532600EAD5D3 /* DropDownMenuViewModel.swift */; };
		824B560827436BF200EAD5D3 /* FoodCollectionVC + UICollectionViewDataSource.swift in Sources */ = {isa = PBXBuildFile; fileRef = 824B560727436BF200EAD5D3 /* FoodCollectionVC + UICollectionViewDataSource.swift */; };
		824B560A27436CA400EAD5D3 /* FoodCollectionVC + UICollectionViewDelegate.swift in Sources */ = {isa = PBXBuildFile; fileRef = 824B560927436CA400EAD5D3 /* FoodCollectionVC + UICollectionViewDelegate.swift */; };
		824B560C27436F1400EAD5D3 /* FoodCollectionVC + FoodCollectionHeaderViewDelegate.swift in Sources */ = {isa = PBXBuildFile; fileRef = 824B560B27436F1400EAD5D3 /* FoodCollectionVC + FoodCollectionHeaderViewDelegate.swift */; };
		824B560E2743705B00EAD5D3 /* FoodCollectionVC + UICollectionViewDelegateFlowLayout.swift in Sources */ = {isa = PBXBuildFile; fileRef = 824B560D2743705B00EAD5D3 /* FoodCollectionVC + UICollectionViewDelegateFlowLayout.swift */; };
		824B56112743732900EAD5D3 /* FoodJson.swift in Sources */ = {isa = PBXBuildFile; fileRef = 824B56102743732900EAD5D3 /* FoodJson.swift */; };
		824B561327437DC600EAD5D3 /* FoodType.swift in Sources */ = {isa = PBXBuildFile; fileRef = 824B561227437DC600EAD5D3 /* FoodType.swift */; };
		824B5615274380C300EAD5D3 /* RegisterViewCategoryType.swift in Sources */ = {isa = PBXBuildFile; fileRef = 824B5614274380C300EAD5D3 /* RegisterViewCategoryType.swift */; };
		824B5618274381E600EAD5D3 /* FoodItem.swift in Sources */ = {isa = PBXBuildFile; fileRef = 824B5617274381E600EAD5D3 /* FoodItem.swift */; };
		82A861572742BCDE0068689B /* AppDelegate.swift in Sources */ = {isa = PBXBuildFile; fileRef = 82A861562742BCDE0068689B /* AppDelegate.swift */; };
		82A861592742BCDF0068689B /* SceneDelegate.swift in Sources */ = {isa = PBXBuildFile; fileRef = 82A861582742BCDF0068689B /* SceneDelegate.swift */; };
		82A861602742BCE40068689B /* Assets.xcassets in Resources */ = {isa = PBXBuildFile; fileRef = 82A8615F2742BCE40068689B /* Assets.xcassets */; };
		82A861632742BCE40068689B /* LaunchScreen.storyboard in Resources */ = {isa = PBXBuildFile; fileRef = 82A861612742BCE40068689B /* LaunchScreen.storyboard */; };
		82A8616E2742BCE50068689B /* NutoritionTests.swift in Sources */ = {isa = PBXBuildFile; fileRef = 82A8616D2742BCE50068689B /* NutoritionTests.swift */; };
		82A861792742BCE50068689B /* NutoritionUITests.swift in Sources */ = {isa = PBXBuildFile; fileRef = 82A861782742BCE50068689B /* NutoritionUITests.swift */; };
		82A8618D2742BE610068689B /* GraphView.swift in Sources */ = {isa = PBXBuildFile; fileRef = 82A8618C2742BE610068689B /* GraphView.swift */; };
		82A8618F2742BE6B0068689B /* TopViewController.swift in Sources */ = {isa = PBXBuildFile; fileRef = 82A8618E2742BE6B0068689B /* TopViewController.swift */; };
		82A861962742BEB60068689B /* DropDownMenuView.swift in Sources */ = {isa = PBXBuildFile; fileRef = 82A861942742BEB50068689B /* DropDownMenuView.swift */; };
		82A861972742BEB60068689B /* DropDownMenuCell.swift in Sources */ = {isa = PBXBuildFile; fileRef = 82A861952742BEB60068689B /* DropDownMenuCell.swift */; };
		82A8619B2742BEE00068689B /* RegisterFoodViewController.swift in Sources */ = {isa = PBXBuildFile; fileRef = 82A861992742BEDF0068689B /* RegisterFoodViewController.swift */; };
		82A8619C2742BEE00068689B /* FoodInfoViewCell.swift in Sources */ = {isa = PBXBuildFile; fileRef = 82A8619A2742BEDF0068689B /* FoodInfoViewCell.swift */; };
		82A8619F2742BEFD0068689B /* SelectFoodViewController.swift in Sources */ = {isa = PBXBuildFile; fileRef = 82A8619E2742BEFD0068689B /* SelectFoodViewController.swift */; };
		82A861A12742BF0A0068689B /* FoodCollectionViewController.swift in Sources */ = {isa = PBXBuildFile; fileRef = 82A861A02742BF0A0068689B /* FoodCollectionViewController.swift */; };
		82A861A42742BF120068689B /* FoodCollectonViewCell.swift in Sources */ = {isa = PBXBuildFile; fileRef = 82A861A22742BF120068689B /* FoodCollectonViewCell.swift */; };
		82A861A52742BF120068689B /* FoodCollectionHeaderView.swift in Sources */ = {isa = PBXBuildFile; fileRef = 82A861A32742BF120068689B /* FoodCollectionHeaderView.swift */; };
		82A861A92742BF420068689B /* FoodService.swift in Sources */ = {isa = PBXBuildFile; fileRef = 82A861A72742BF420068689B /* FoodService.swift */; };
		82A861AA2742BF420068689B /* ImageUploader.swift in Sources */ = {isa = PBXBuildFile; fileRef = 82A861A82742BF420068689B /* ImageUploader.swift */; };
		82A861AC2742BF590068689B /* food.json in Resources */ = {isa = PBXBuildFile; fileRef = 82A861AB2742BF590068689B /* food.json */; };
		82A861AF2742BF790068689B /* SelectTableView.swift in Sources */ = {isa = PBXBuildFile; fileRef = 82A861AD2742BF780068689B /* SelectTableView.swift */; };
		82A861B02742BF790068689B /* SelectTableViewCell.swift in Sources */ = {isa = PBXBuildFile; fileRef = 82A861AE2742BF780068689B /* SelectTableViewCell.swift */; };
		82A861B72742BFA70068689B /* UIView + Extensions.swift in Sources */ = {isa = PBXBuildFile; fileRef = 82A861B62742BFA70068689B /* UIView + Extensions.swift */; };
		82A861B92742C0C00068689B /* GoogleService-Info.plist in Resources */ = {isa = PBXBuildFile; fileRef = 82A861B82742C0C00068689B /* GoogleService-Info.plist */; };
		82B197A12780847B00E37F12 /* IngredientInfo.swift in Sources */ = {isa = PBXBuildFile; fileRef = 82B197A02780847B00E37F12 /* IngredientInfo.swift */; };
		82B197A3278084E100E37F12 /* SpiceInfo.swift in Sources */ = {isa = PBXBuildFile; fileRef = 82B197A2278084E100E37F12 /* SpiceInfo.swift */; };
		82B197A52780850900E37F12 /* StepInfo.swift in Sources */ = {isa = PBXBuildFile; fileRef = 82B197A42780850900E37F12 /* StepInfo.swift */; };
		82B197A7278085E400E37F12 /* RecipeService.swift in Sources */ = {isa = PBXBuildFile; fileRef = 82B197A6278085E400E37F12 /* RecipeService.swift */; };
		82B197A92780869C00E37F12 /* RecipeInfo.swift in Sources */ = {isa = PBXBuildFile; fileRef = 82B197A82780869C00E37F12 /* RecipeInfo.swift */; };
		82B197AB2780871000E37F12 /* IngredientService.swift in Sources */ = {isa = PBXBuildFile; fileRef = 82B197AA2780871000E37F12 /* IngredientService.swift */; };
		82B197AD2780872300E37F12 /* SpiceService.swift in Sources */ = {isa = PBXBuildFile; fileRef = 82B197AC2780872300E37F12 /* SpiceService.swift */; };
		82B197AF2780873600E37F12 /* StepService.swift in Sources */ = {isa = PBXBuildFile; fileRef = 82B197AE2780873600E37F12 /* StepService.swift */; };
		82B197B127808F9200E37F12 /* FoodInfo.swift in Sources */ = {isa = PBXBuildFile; fileRef = 82B197B027808F9200E37F12 /* FoodInfo.swift */; };
		82B197B42780A95100E37F12 /* SelectFoodViewCell.swift in Sources */ = {isa = PBXBuildFile; fileRef = 82B197B32780A95100E37F12 /* SelectFoodViewCell.swift */; };
		82B197B62782BE3C00E37F12 /* RecipeCreateViewController + RecipeCreateViewDelegate.swift in Sources */ = {isa = PBXBuildFile; fileRef = 82B197B52782BE1A00E37F12 /* RecipeCreateViewController + RecipeCreateViewDelegate.swift */; };
		82B197BB27835A4900E37F12 /* Recipe.swift in Sources */ = {isa = PBXBuildFile; fileRef = 82B197BA27835A4400E37F12 /* Recipe.swift */; };
		82B197BD27843C9900E37F12 /* Category.swift in Sources */ = {isa = PBXBuildFile; fileRef = 82B197BC27843C9900E37F12 /* Category.swift */; };
		82B639EB2779FE5A00E30E7B /* TopCategoryView.swift in Sources */ = {isa = PBXBuildFile; fileRef = 82B639EA2779FE5700E30E7B /* TopCategoryView.swift */; };
		82B639ED277ABF6C00E30E7B /* TopCategoryViewCell.swift in Sources */ = {isa = PBXBuildFile; fileRef = 82B639EC277ABF6A00E30E7B /* TopCategoryViewCell.swift */; };
		82B639F0277AC9A300E30E7B /* FoodListView.swift in Sources */ = {isa = PBXBuildFile; fileRef = 82B639EF277AC9A300E30E7B /* FoodListView.swift */; };
		82B639F2277ACBAF00E30E7B /* FoodListViewCell.swift in Sources */ = {isa = PBXBuildFile; fileRef = 82B639F1277ACBAF00E30E7B /* FoodListViewCell.swift */; };
		82B639F5277AF2A200E30E7B /* RecipeDetaileViewController.swift in Sources */ = {isa = PBXBuildFile; fileRef = 82B639F4277AF2A100E30E7B /* RecipeDetaileViewController.swift */; };
		82B639FB277AF43700E30E7B /* RecipeDetaileView.swift in Sources */ = {isa = PBXBuildFile; fileRef = 82B639FA277AF43700E30E7B /* RecipeDetaileView.swift */; };
		82B639FD277AF72100E30E7B /* RecipeDetaileViewCell.swift in Sources */ = {isa = PBXBuildFile; fileRef = 82B639FC277AF72100E30E7B /* RecipeDetaileViewCell.swift */; };
		82B63A06277B137700E30E7B /* UILabel + Extension.swift in Sources */ = {isa = PBXBuildFile; fileRef = 82B63A05277B137700E30E7B /* UILabel + Extension.swift */; };
		82B63A08277B146500E30E7B /* UITextView + Extension.swift in Sources */ = {isa = PBXBuildFile; fileRef = 82B63A07277B146500E30E7B /* UITextView + Extension.swift */; };
		82B63A0A277B15A400E30E7B /* UIImageVIew +  Extension.swift in Sources */ = {isa = PBXBuildFile; fileRef = 82B63A09277B15A400E30E7B /* UIImageVIew +  Extension.swift */; };
		82B63A0C277B178800E30E7B /* UITextField + Extension.swift in Sources */ = {isa = PBXBuildFile; fileRef = 82B63A0B277B178800E30E7B /* UITextField + Extension.swift */; };
		82B63A0E277BFF2B00E30E7B /* RecipeDetaileViewModel.swift in Sources */ = {isa = PBXBuildFile; fileRef = 82B63A0D277BFF2B00E30E7B /* RecipeDetaileViewModel.swift */; };
		82B63A10277BFF6900E30E7B /* RecipeDetaile.swift in Sources */ = {isa = PBXBuildFile; fileRef = 82B63A0F277BFF6900E30E7B /* RecipeDetaile.swift */; };
		82B63A13277C7FC300E30E7B /* Ingredient.swift in Sources */ = {isa = PBXBuildFile; fileRef = 82B63A12277C7FC300E30E7B /* Ingredient.swift */; };
		82B63A15277C7FD000E30E7B /* Spice.swift in Sources */ = {isa = PBXBuildFile; fileRef = 82B63A14277C7FD000E30E7B /* Spice.swift */; };
		82B63A17277C7FDD00E30E7B /* Step.swift in Sources */ = {isa = PBXBuildFile; fileRef = 82B63A16277C7FDD00E30E7B /* Step.swift */; };
		82B63A1A277CAA1E00E30E7B /* RecipeListViewController.swift in Sources */ = {isa = PBXBuildFile; fileRef = 82B63A19277CAA1D00E30E7B /* RecipeListViewController.swift */; };
		82B63A1D277CADE000E30E7B /* TopIngredientView.swift in Sources */ = {isa = PBXBuildFile; fileRef = 82B63A1C277CADE000E30E7B /* TopIngredientView.swift */; };
		82B63A1F277CAED200E30E7B /* TopIngredientViewCell.swift in Sources */ = {isa = PBXBuildFile; fileRef = 82B63A1E277CAED200E30E7B /* TopIngredientViewCell.swift */; };
		82B63A21277CAFB600E30E7B /* RecipeListCell.swift in Sources */ = {isa = PBXBuildFile; fileRef = 82B63A20277CAFB600E30E7B /* RecipeListCell.swift */; };
		82B63A2D277D7EFB00E30E7B /* UIButton + Extension.swift in Sources */ = {isa = PBXBuildFile; fileRef = 82B63A2C277D7EFB00E30E7B /* UIButton + Extension.swift */; };
		82B63A30277D893C00E30E7B /* RecipeCreateView.swift in Sources */ = {isa = PBXBuildFile; fileRef = 82B63A2F277D893B00E30E7B /* RecipeCreateView.swift */; };
		82B63A32277D89F100E30E7B /* RecipeCreateViewCell.swift in Sources */ = {isa = PBXBuildFile; fileRef = 82B63A31277D89F100E30E7B /* RecipeCreateViewCell.swift */; };
		82B63A34277D9AAF00E30E7B /* RecipeCreateViewModel.swift in Sources */ = {isa = PBXBuildFile; fileRef = 82B63A33277D9AAE00E30E7B /* RecipeCreateViewModel.swift */; };
		82B63A36277DB41D00E30E7B /* RecipeCreateViewHeader.swift in Sources */ = {isa = PBXBuildFile; fileRef = 82B63A35277DB41C00E30E7B /* RecipeCreateViewHeader.swift */; };
		9EED788643B4E210B4C8746E /* Pods_Nutorition.framework in Frameworks */ = {isa = PBXBuildFile; fileRef = D8136201C301AA31908AEADB /* Pods_Nutorition.framework */; };
/* End PBXBuildFile section */

/* Begin PBXContainerItemProxy section */
		82A8616A2742BCE50068689B /* PBXContainerItemProxy */ = {
			isa = PBXContainerItemProxy;
			containerPortal = 82A8614B2742BCDE0068689B /* Project object */;
			proxyType = 1;
			remoteGlobalIDString = 82A861522742BCDE0068689B;
			remoteInfo = Nutorition;
		};
		82A861752742BCE50068689B /* PBXContainerItemProxy */ = {
			isa = PBXContainerItemProxy;
			containerPortal = 82A8614B2742BCDE0068689B /* Project object */;
			proxyType = 1;
			remoteGlobalIDString = 82A861522742BCDE0068689B;
			remoteInfo = Nutorition;
		};
/* End PBXContainerItemProxy section */

/* Begin PBXFileReference section */
		38E987697B61D9D9E13AD184 /* Pods-Nutorition-NutoritionUITests.debug.xcconfig */ = {isa = PBXFileReference; includeInIndex = 1; lastKnownFileType = text.xcconfig; name = "Pods-Nutorition-NutoritionUITests.debug.xcconfig"; path = "Target Support Files/Pods-Nutorition-NutoritionUITests/Pods-Nutorition-NutoritionUITests.debug.xcconfig"; sourceTree = "<group>"; };
		7C60E513285CF2DE3B03A39B /* Pods-Nutorition-NutoritionUITests.release.xcconfig */ = {isa = PBXFileReference; includeInIndex = 1; lastKnownFileType = text.xcconfig; name = "Pods-Nutorition-NutoritionUITests.release.xcconfig"; path = "Target Support Files/Pods-Nutorition-NutoritionUITests/Pods-Nutorition-NutoritionUITests.release.xcconfig"; sourceTree = "<group>"; };
		8243E1FF277DF82800CB063D /* RecipeCreateViewController.swift */ = {isa = PBXFileReference; lastKnownFileType = sourcecode.swift; path = RecipeCreateViewController.swift; sourceTree = "<group>"; };
		824B55FB2742C4EF00EAD5D3 /* UserDefaults.swift */ = {isa = PBXFileReference; fileEncoding = 4; lastKnownFileType = sourcecode.swift; path = UserDefaults.swift; sourceTree = "<group>"; };
		824B55FD2742C50900EAD5D3 /* Constants.swift */ = {isa = PBXFileReference; fileEncoding = 4; lastKnownFileType = sourcecode.swift; path = Constants.swift; sourceTree = "<group>"; };
		824B55FF274348DE00EAD5D3 /* FoodListViewModel.swift */ = {isa = PBXFileReference; lastKnownFileType = sourcecode.swift; path = FoodListViewModel.swift; sourceTree = "<group>"; };
		824B560127434B1100EAD5D3 /* FoodViewModel.swift */ = {isa = PBXFileReference; lastKnownFileType = sourcecode.swift; path = FoodViewModel.swift; sourceTree = "<group>"; };
		824B56032743532600EAD5D3 /* DropDownMenuViewModel.swift */ = {isa = PBXFileReference; lastKnownFileType = sourcecode.swift; path = DropDownMenuViewModel.swift; sourceTree = "<group>"; };
		824B560727436BF200EAD5D3 /* FoodCollectionVC + UICollectionViewDataSource.swift */ = {isa = PBXFileReference; lastKnownFileType = sourcecode.swift; path = "FoodCollectionVC + UICollectionViewDataSource.swift"; sourceTree = "<group>"; };
		824B560927436CA400EAD5D3 /* FoodCollectionVC + UICollectionViewDelegate.swift */ = {isa = PBXFileReference; lastKnownFileType = sourcecode.swift; path = "FoodCollectionVC + UICollectionViewDelegate.swift"; sourceTree = "<group>"; };
		824B560B27436F1400EAD5D3 /* FoodCollectionVC + FoodCollectionHeaderViewDelegate.swift */ = {isa = PBXFileReference; lastKnownFileType = sourcecode.swift; path = "FoodCollectionVC + FoodCollectionHeaderViewDelegate.swift"; sourceTree = "<group>"; };
		824B560D2743705B00EAD5D3 /* FoodCollectionVC + UICollectionViewDelegateFlowLayout.swift */ = {isa = PBXFileReference; lastKnownFileType = sourcecode.swift; path = "FoodCollectionVC + UICollectionViewDelegateFlowLayout.swift"; sourceTree = "<group>"; };
		824B56102743732900EAD5D3 /* FoodJson.swift */ = {isa = PBXFileReference; lastKnownFileType = sourcecode.swift; path = FoodJson.swift; sourceTree = "<group>"; };
		824B561227437DC600EAD5D3 /* FoodType.swift */ = {isa = PBXFileReference; lastKnownFileType = sourcecode.swift; path = FoodType.swift; sourceTree = "<group>"; };
		824B5614274380C300EAD5D3 /* RegisterViewCategoryType.swift */ = {isa = PBXFileReference; lastKnownFileType = sourcecode.swift; path = RegisterViewCategoryType.swift; sourceTree = "<group>"; };
		824B5617274381E600EAD5D3 /* FoodItem.swift */ = {isa = PBXFileReference; lastKnownFileType = sourcecode.swift; path = FoodItem.swift; sourceTree = "<group>"; };
		82A861532742BCDE0068689B /* Nutorition.app */ = {isa = PBXFileReference; explicitFileType = wrapper.application; includeInIndex = 0; path = Nutorition.app; sourceTree = BUILT_PRODUCTS_DIR; };
		82A861562742BCDE0068689B /* AppDelegate.swift */ = {isa = PBXFileReference; lastKnownFileType = sourcecode.swift; path = AppDelegate.swift; sourceTree = "<group>"; };
		82A861582742BCDF0068689B /* SceneDelegate.swift */ = {isa = PBXFileReference; lastKnownFileType = sourcecode.swift; path = SceneDelegate.swift; sourceTree = "<group>"; };
		82A8615F2742BCE40068689B /* Assets.xcassets */ = {isa = PBXFileReference; lastKnownFileType = folder.assetcatalog; path = Assets.xcassets; sourceTree = "<group>"; };
		82A861622742BCE40068689B /* Base */ = {isa = PBXFileReference; lastKnownFileType = file.storyboard; name = Base; path = Base.lproj/LaunchScreen.storyboard; sourceTree = "<group>"; };
		82A861642742BCE40068689B /* Info.plist */ = {isa = PBXFileReference; lastKnownFileType = text.plist.xml; path = Info.plist; sourceTree = "<group>"; };
		82A861692742BCE50068689B /* NutoritionTests.xctest */ = {isa = PBXFileReference; explicitFileType = wrapper.cfbundle; includeInIndex = 0; path = NutoritionTests.xctest; sourceTree = BUILT_PRODUCTS_DIR; };
		82A8616D2742BCE50068689B /* NutoritionTests.swift */ = {isa = PBXFileReference; lastKnownFileType = sourcecode.swift; path = NutoritionTests.swift; sourceTree = "<group>"; };
		82A8616F2742BCE50068689B /* Info.plist */ = {isa = PBXFileReference; lastKnownFileType = text.plist.xml; path = Info.plist; sourceTree = "<group>"; };
		82A861742742BCE50068689B /* NutoritionUITests.xctest */ = {isa = PBXFileReference; explicitFileType = wrapper.cfbundle; includeInIndex = 0; path = NutoritionUITests.xctest; sourceTree = BUILT_PRODUCTS_DIR; };
		82A861782742BCE50068689B /* NutoritionUITests.swift */ = {isa = PBXFileReference; lastKnownFileType = sourcecode.swift; path = NutoritionUITests.swift; sourceTree = "<group>"; };
		82A8617A2742BCE50068689B /* Info.plist */ = {isa = PBXFileReference; lastKnownFileType = text.plist.xml; path = Info.plist; sourceTree = "<group>"; };
		82A8618C2742BE610068689B /* GraphView.swift */ = {isa = PBXFileReference; fileEncoding = 4; lastKnownFileType = sourcecode.swift; path = GraphView.swift; sourceTree = "<group>"; };
		82A8618E2742BE6B0068689B /* TopViewController.swift */ = {isa = PBXFileReference; fileEncoding = 4; lastKnownFileType = sourcecode.swift; path = TopViewController.swift; sourceTree = "<group>"; };
		82A861942742BEB50068689B /* DropDownMenuView.swift */ = {isa = PBXFileReference; fileEncoding = 4; lastKnownFileType = sourcecode.swift; path = DropDownMenuView.swift; sourceTree = "<group>"; };
		82A861952742BEB60068689B /* DropDownMenuCell.swift */ = {isa = PBXFileReference; fileEncoding = 4; lastKnownFileType = sourcecode.swift; path = DropDownMenuCell.swift; sourceTree = "<group>"; };
		82A861992742BEDF0068689B /* RegisterFoodViewController.swift */ = {isa = PBXFileReference; fileEncoding = 4; lastKnownFileType = sourcecode.swift; path = RegisterFoodViewController.swift; sourceTree = "<group>"; };
		82A8619A2742BEDF0068689B /* FoodInfoViewCell.swift */ = {isa = PBXFileReference; fileEncoding = 4; lastKnownFileType = sourcecode.swift; path = FoodInfoViewCell.swift; sourceTree = "<group>"; };
		82A8619E2742BEFD0068689B /* SelectFoodViewController.swift */ = {isa = PBXFileReference; fileEncoding = 4; lastKnownFileType = sourcecode.swift; path = SelectFoodViewController.swift; sourceTree = "<group>"; };
		82A861A02742BF0A0068689B /* FoodCollectionViewController.swift */ = {isa = PBXFileReference; fileEncoding = 4; lastKnownFileType = sourcecode.swift; path = FoodCollectionViewController.swift; sourceTree = "<group>"; };
		82A861A22742BF120068689B /* FoodCollectonViewCell.swift */ = {isa = PBXFileReference; fileEncoding = 4; lastKnownFileType = sourcecode.swift; path = FoodCollectonViewCell.swift; sourceTree = "<group>"; };
		82A861A32742BF120068689B /* FoodCollectionHeaderView.swift */ = {isa = PBXFileReference; fileEncoding = 4; lastKnownFileType = sourcecode.swift; path = FoodCollectionHeaderView.swift; sourceTree = "<group>"; };
		82A861A72742BF420068689B /* FoodService.swift */ = {isa = PBXFileReference; fileEncoding = 4; lastKnownFileType = sourcecode.swift; path = FoodService.swift; sourceTree = "<group>"; };
		82A861A82742BF420068689B /* ImageUploader.swift */ = {isa = PBXFileReference; fileEncoding = 4; lastKnownFileType = sourcecode.swift; path = ImageUploader.swift; sourceTree = "<group>"; };
		82A861AB2742BF590068689B /* food.json */ = {isa = PBXFileReference; fileEncoding = 4; lastKnownFileType = text.json; path = food.json; sourceTree = "<group>"; };
		82A861AD2742BF780068689B /* SelectTableView.swift */ = {isa = PBXFileReference; fileEncoding = 4; lastKnownFileType = sourcecode.swift; path = SelectTableView.swift; sourceTree = "<group>"; };
		82A861AE2742BF780068689B /* SelectTableViewCell.swift */ = {isa = PBXFileReference; fileEncoding = 4; lastKnownFileType = sourcecode.swift; path = SelectTableViewCell.swift; sourceTree = "<group>"; };
		82A861B62742BFA70068689B /* UIView + Extensions.swift */ = {isa = PBXFileReference; fileEncoding = 4; lastKnownFileType = sourcecode.swift; path = "UIView + Extensions.swift"; sourceTree = "<group>"; };
		82A861B82742C0C00068689B /* GoogleService-Info.plist */ = {isa = PBXFileReference; fileEncoding = 4; lastKnownFileType = text.plist.xml; path = "GoogleService-Info.plist"; sourceTree = "<group>"; };
		82B197A02780847B00E37F12 /* IngredientInfo.swift */ = {isa = PBXFileReference; lastKnownFileType = sourcecode.swift; path = IngredientInfo.swift; sourceTree = "<group>"; };
		82B197A2278084E100E37F12 /* SpiceInfo.swift */ = {isa = PBXFileReference; lastKnownFileType = sourcecode.swift; path = SpiceInfo.swift; sourceTree = "<group>"; };
		82B197A42780850900E37F12 /* StepInfo.swift */ = {isa = PBXFileReference; lastKnownFileType = sourcecode.swift; path = StepInfo.swift; sourceTree = "<group>"; };
		82B197A6278085E400E37F12 /* RecipeService.swift */ = {isa = PBXFileReference; lastKnownFileType = sourcecode.swift; path = RecipeService.swift; sourceTree = "<group>"; };
		82B197A82780869C00E37F12 /* RecipeInfo.swift */ = {isa = PBXFileReference; lastKnownFileType = sourcecode.swift; path = RecipeInfo.swift; sourceTree = "<group>"; };
		82B197AA2780871000E37F12 /* IngredientService.swift */ = {isa = PBXFileReference; lastKnownFileType = sourcecode.swift; path = IngredientService.swift; sourceTree = "<group>"; };
		82B197AC2780872300E37F12 /* SpiceService.swift */ = {isa = PBXFileReference; lastKnownFileType = sourcecode.swift; path = SpiceService.swift; sourceTree = "<group>"; };
		82B197AE2780873600E37F12 /* StepService.swift */ = {isa = PBXFileReference; lastKnownFileType = sourcecode.swift; path = StepService.swift; sourceTree = "<group>"; };
		82B197B027808F9200E37F12 /* FoodInfo.swift */ = {isa = PBXFileReference; lastKnownFileType = sourcecode.swift; path = FoodInfo.swift; sourceTree = "<group>"; };
		82B197B32780A95100E37F12 /* SelectFoodViewCell.swift */ = {isa = PBXFileReference; lastKnownFileType = sourcecode.swift; path = SelectFoodViewCell.swift; sourceTree = "<group>"; };
		82B197B52782BE1A00E37F12 /* RecipeCreateViewController + RecipeCreateViewDelegate.swift */ = {isa = PBXFileReference; lastKnownFileType = sourcecode.swift; path = "RecipeCreateViewController + RecipeCreateViewDelegate.swift"; sourceTree = "<group>"; };
		82B197BA27835A4400E37F12 /* Recipe.swift */ = {isa = PBXFileReference; lastKnownFileType = sourcecode.swift; path = Recipe.swift; sourceTree = "<group>"; };
		82B197BC27843C9900E37F12 /* Category.swift */ = {isa = PBXFileReference; lastKnownFileType = sourcecode.swift; path = Category.swift; sourceTree = "<group>"; };
		82B639EA2779FE5700E30E7B /* TopCategoryView.swift */ = {isa = PBXFileReference; lastKnownFileType = sourcecode.swift; path = TopCategoryView.swift; sourceTree = "<group>"; };
		82B639EC277ABF6A00E30E7B /* TopCategoryViewCell.swift */ = {isa = PBXFileReference; lastKnownFileType = sourcecode.swift; path = TopCategoryViewCell.swift; sourceTree = "<group>"; };
		82B639EF277AC9A300E30E7B /* FoodListView.swift */ = {isa = PBXFileReference; lastKnownFileType = sourcecode.swift; path = FoodListView.swift; sourceTree = "<group>"; };
		82B639F1277ACBAF00E30E7B /* FoodListViewCell.swift */ = {isa = PBXFileReference; lastKnownFileType = sourcecode.swift; path = FoodListViewCell.swift; sourceTree = "<group>"; };
		82B639F4277AF2A100E30E7B /* RecipeDetaileViewController.swift */ = {isa = PBXFileReference; lastKnownFileType = sourcecode.swift; path = RecipeDetaileViewController.swift; sourceTree = "<group>"; };
		82B639FA277AF43700E30E7B /* RecipeDetaileView.swift */ = {isa = PBXFileReference; lastKnownFileType = sourcecode.swift; path = RecipeDetaileView.swift; sourceTree = "<group>"; };
		82B639FC277AF72100E30E7B /* RecipeDetaileViewCell.swift */ = {isa = PBXFileReference; lastKnownFileType = sourcecode.swift; path = RecipeDetaileViewCell.swift; sourceTree = "<group>"; };
		82B63A05277B137700E30E7B /* UILabel + Extension.swift */ = {isa = PBXFileReference; lastKnownFileType = sourcecode.swift; path = "UILabel + Extension.swift"; sourceTree = "<group>"; };
		82B63A07277B146500E30E7B /* UITextView + Extension.swift */ = {isa = PBXFileReference; lastKnownFileType = sourcecode.swift; path = "UITextView + Extension.swift"; sourceTree = "<group>"; };
		82B63A09277B15A400E30E7B /* UIImageVIew +  Extension.swift */ = {isa = PBXFileReference; lastKnownFileType = sourcecode.swift; path = "UIImageVIew +  Extension.swift"; sourceTree = "<group>"; };
		82B63A0B277B178800E30E7B /* UITextField + Extension.swift */ = {isa = PBXFileReference; lastKnownFileType = sourcecode.swift; path = "UITextField + Extension.swift"; sourceTree = "<group>"; };
		82B63A0D277BFF2B00E30E7B /* RecipeDetaileViewModel.swift */ = {isa = PBXFileReference; lastKnownFileType = sourcecode.swift; path = RecipeDetaileViewModel.swift; sourceTree = "<group>"; };
		82B63A0F277BFF6900E30E7B /* RecipeDetaile.swift */ = {isa = PBXFileReference; lastKnownFileType = sourcecode.swift; path = RecipeDetaile.swift; sourceTree = "<group>"; };
		82B63A12277C7FC300E30E7B /* Ingredient.swift */ = {isa = PBXFileReference; lastKnownFileType = sourcecode.swift; path = Ingredient.swift; sourceTree = "<group>"; };
		82B63A14277C7FD000E30E7B /* Spice.swift */ = {isa = PBXFileReference; lastKnownFileType = sourcecode.swift; path = Spice.swift; sourceTree = "<group>"; };
		82B63A16277C7FDD00E30E7B /* Step.swift */ = {isa = PBXFileReference; lastKnownFileType = sourcecode.swift; path = Step.swift; sourceTree = "<group>"; };
		82B63A19277CAA1D00E30E7B /* RecipeListViewController.swift */ = {isa = PBXFileReference; lastKnownFileType = sourcecode.swift; path = RecipeListViewController.swift; sourceTree = "<group>"; };
		82B63A1C277CADE000E30E7B /* TopIngredientView.swift */ = {isa = PBXFileReference; lastKnownFileType = sourcecode.swift; path = TopIngredientView.swift; sourceTree = "<group>"; };
		82B63A1E277CAED200E30E7B /* TopIngredientViewCell.swift */ = {isa = PBXFileReference; lastKnownFileType = sourcecode.swift; path = TopIngredientViewCell.swift; sourceTree = "<group>"; };
		82B63A20277CAFB600E30E7B /* RecipeListCell.swift */ = {isa = PBXFileReference; lastKnownFileType = sourcecode.swift; path = RecipeListCell.swift; sourceTree = "<group>"; };
		82B63A2C277D7EFB00E30E7B /* UIButton + Extension.swift */ = {isa = PBXFileReference; lastKnownFileType = sourcecode.swift; path = "UIButton + Extension.swift"; sourceTree = "<group>"; };
		82B63A2F277D893B00E30E7B /* RecipeCreateView.swift */ = {isa = PBXFileReference; lastKnownFileType = sourcecode.swift; path = RecipeCreateView.swift; sourceTree = "<group>"; };
		82B63A31277D89F100E30E7B /* RecipeCreateViewCell.swift */ = {isa = PBXFileReference; lastKnownFileType = sourcecode.swift; path = RecipeCreateViewCell.swift; sourceTree = "<group>"; };
		82B63A33277D9AAE00E30E7B /* RecipeCreateViewModel.swift */ = {isa = PBXFileReference; lastKnownFileType = sourcecode.swift; path = RecipeCreateViewModel.swift; sourceTree = "<group>"; };
		82B63A35277DB41C00E30E7B /* RecipeCreateViewHeader.swift */ = {isa = PBXFileReference; lastKnownFileType = sourcecode.swift; path = RecipeCreateViewHeader.swift; sourceTree = "<group>"; };
		83A311DFD9366E540E58E663 /* Pods-Nutorition.debug.xcconfig */ = {isa = PBXFileReference; includeInIndex = 1; lastKnownFileType = text.xcconfig; name = "Pods-Nutorition.debug.xcconfig"; path = "Target Support Files/Pods-Nutorition/Pods-Nutorition.debug.xcconfig"; sourceTree = "<group>"; };
		891A39DBCD63290F3841C341 /* Pods-Nutorition.release.xcconfig */ = {isa = PBXFileReference; includeInIndex = 1; lastKnownFileType = text.xcconfig; name = "Pods-Nutorition.release.xcconfig"; path = "Target Support Files/Pods-Nutorition/Pods-Nutorition.release.xcconfig"; sourceTree = "<group>"; };
		A72971D2606C52D6291D0187 /* Pods_Nutorition_NutoritionUITests.framework */ = {isa = PBXFileReference; explicitFileType = wrapper.framework; includeInIndex = 0; path = Pods_Nutorition_NutoritionUITests.framework; sourceTree = BUILT_PRODUCTS_DIR; };
		AE9FF94494234432A9DA757A /* Pods-NutoritionTests.debug.xcconfig */ = {isa = PBXFileReference; includeInIndex = 1; lastKnownFileType = text.xcconfig; name = "Pods-NutoritionTests.debug.xcconfig"; path = "Target Support Files/Pods-NutoritionTests/Pods-NutoritionTests.debug.xcconfig"; sourceTree = "<group>"; };
		BA71636B93B2BE073ED6F4F6 /* Pods_NutoritionTests.framework */ = {isa = PBXFileReference; explicitFileType = wrapper.framework; includeInIndex = 0; path = Pods_NutoritionTests.framework; sourceTree = BUILT_PRODUCTS_DIR; };
		BCACC0E60922599D3ABE4A3C /* Pods-NutoritionTests.release.xcconfig */ = {isa = PBXFileReference; includeInIndex = 1; lastKnownFileType = text.xcconfig; name = "Pods-NutoritionTests.release.xcconfig"; path = "Target Support Files/Pods-NutoritionTests/Pods-NutoritionTests.release.xcconfig"; sourceTree = "<group>"; };
		D8136201C301AA31908AEADB /* Pods_Nutorition.framework */ = {isa = PBXFileReference; explicitFileType = wrapper.framework; includeInIndex = 0; path = Pods_Nutorition.framework; sourceTree = BUILT_PRODUCTS_DIR; };
/* End PBXFileReference section */

/* Begin PBXFrameworksBuildPhase section */
		82A861502742BCDE0068689B /* Frameworks */ = {
			isa = PBXFrameworksBuildPhase;
			buildActionMask = 2147483647;
			files = (
				9EED788643B4E210B4C8746E /* Pods_Nutorition.framework in Frameworks */,
			);
			runOnlyForDeploymentPostprocessing = 0;
		};
		82A861662742BCE50068689B /* Frameworks */ = {
			isa = PBXFrameworksBuildPhase;
			buildActionMask = 2147483647;
			files = (
				40AB434BA66FC7A22F8237BC /* Pods_NutoritionTests.framework in Frameworks */,
			);
			runOnlyForDeploymentPostprocessing = 0;
		};
		82A861712742BCE50068689B /* Frameworks */ = {
			isa = PBXFrameworksBuildPhase;
			buildActionMask = 2147483647;
			files = (
				2D2A08C47B524436A96799D7 /* Pods_Nutorition_NutoritionUITests.framework in Frameworks */,
			);
			runOnlyForDeploymentPostprocessing = 0;
		};
/* End PBXFrameworksBuildPhase section */

/* Begin PBXGroup section */
		824B5605274361A900EAD5D3 /* TopViewController */ = {
			isa = PBXGroup;
			children = (
				82A8618E2742BE6B0068689B /* TopViewController.swift */,
			);
			path = TopViewController;
			sourceTree = "<group>";
		};
		824B560627436BB400EAD5D3 /* FoodCollectionViewController */ = {
			isa = PBXGroup;
			children = (
				82A861A02742BF0A0068689B /* FoodCollectionViewController.swift */,
				824B560727436BF200EAD5D3 /* FoodCollectionVC + UICollectionViewDataSource.swift */,
				824B560927436CA400EAD5D3 /* FoodCollectionVC + UICollectionViewDelegate.swift */,
				824B560D2743705B00EAD5D3 /* FoodCollectionVC + UICollectionViewDelegateFlowLayout.swift */,
				824B560B27436F1400EAD5D3 /* FoodCollectionVC + FoodCollectionHeaderViewDelegate.swift */,
			);
			path = FoodCollectionViewController;
			sourceTree = "<group>";
		};
		824B56162743810000EAD5D3 /* Type */ = {
			isa = PBXGroup;
			children = (
				824B561227437DC600EAD5D3 /* FoodType.swift */,
				824B5614274380C300EAD5D3 /* RegisterViewCategoryType.swift */,
			);
			path = Type;
			sourceTree = "<group>";
		};
		82A8614A2742BCDE0068689B = {
			isa = PBXGroup;
			children = (
				82A861552742BCDE0068689B /* Nutorition */,
				82A8616C2742BCE50068689B /* NutoritionTests */,
				82A861772742BCE50068689B /* NutoritionUITests */,
				82A861542742BCDE0068689B /* Products */,
				970172087B235CE2B7E88A88 /* Pods */,
				B7801FA61F38648AEBEA9701 /* Frameworks */,
			);
			sourceTree = "<group>";
		};
		82A861542742BCDE0068689B /* Products */ = {
			isa = PBXGroup;
			children = (
				82A861532742BCDE0068689B /* Nutorition.app */,
				82A861692742BCE50068689B /* NutoritionTests.xctest */,
				82A861742742BCE50068689B /* NutoritionUITests.xctest */,
			);
			name = Products;
			sourceTree = "<group>";
		};
		82A861552742BCDE0068689B /* Nutorition */ = {
			isa = PBXGroup;
			children = (
				82A861862742BD520068689B /* Model */,
				82A861872742BD5A0068689B /* ViewModel */,
				82A861882742BD690068689B /* View */,
				82A861892742BD740068689B /* Controller */,
				82A8618A2742BD860068689B /* API */,
				82A8618B2742BD8F0068689B /* Utils */,
				82A861562742BCDE0068689B /* AppDelegate.swift */,
				82A861582742BCDF0068689B /* SceneDelegate.swift */,
				82A8615F2742BCE40068689B /* Assets.xcassets */,
				82A861612742BCE40068689B /* LaunchScreen.storyboard */,
				82A861642742BCE40068689B /* Info.plist */,
				82A861B82742C0C00068689B /* GoogleService-Info.plist */,
			);
			path = Nutorition;
			sourceTree = "<group>";
		};
		82A8616C2742BCE50068689B /* NutoritionTests */ = {
			isa = PBXGroup;
			children = (
				82A8616D2742BCE50068689B /* NutoritionTests.swift */,
				82A8616F2742BCE50068689B /* Info.plist */,
			);
			path = NutoritionTests;
			sourceTree = "<group>";
		};
		82A861772742BCE50068689B /* NutoritionUITests */ = {
			isa = PBXGroup;
			children = (
				82A861782742BCE50068689B /* NutoritionUITests.swift */,
				82A8617A2742BCE50068689B /* Info.plist */,
			);
			path = NutoritionUITests;
			sourceTree = "<group>";
		};
		82A861862742BD520068689B /* Model */ = {
			isa = PBXGroup;
			children = (
				824B56102743732900EAD5D3 /* FoodJson.swift */,
				824B5617274381E600EAD5D3 /* FoodItem.swift */,
				82B1979F2780670F00E37F12 /* APIHelper */,
				82B63A11277C7F8A00E30E7B /* RecipeDetaile */,
				82B197B927835A2100E37F12 /* RecipeList */,
			);
			path = Model;
			sourceTree = "<group>";
		};
		82A861872742BD5A0068689B /* ViewModel */ = {
			isa = PBXGroup;
			children = (
				824B560127434B1100EAD5D3 /* FoodViewModel.swift */,
				824B55FF274348DE00EAD5D3 /* FoodListViewModel.swift */,
				824B56032743532600EAD5D3 /* DropDownMenuViewModel.swift */,
				82B63A0D277BFF2B00E30E7B /* RecipeDetaileViewModel.swift */,
				82B63A33277D9AAE00E30E7B /* RecipeCreateViewModel.swift */,
			);
			path = ViewModel;
			sourceTree = "<group>";
		};
		82A861882742BD690068689B /* View */ = {
			isa = PBXGroup;
			children = (
				82B63A23277CC9AA00E30E7B /* Graph */,
				82B639F8277AF3D000E30E7B /* Top */,
				82B63A18277CAA0100E30E7B /* RecipeList */,
				82B639FE277AFAAB00E30E7B /* RecipeDetaile */,
				82B63A2E277D88EF00E30E7B /* RecipeCreate */,
				82B197B22780A90200E37F12 /* SelectFoodViewCell */,
				82A861B12742BF7E0068689B /* SelectTableView */,
				82A861A62742BF1B0068689B /* FoodCollection */,
				82A8619D2742BEE70068689B /* FoodInfoView */,
				82A861982742BEBD0068689B /* DropDownMenuView */,
			);
			path = View;
			sourceTree = "<group>";
		};
		82A861892742BD740068689B /* Controller */ = {
			isa = PBXGroup;
			children = (
				824B5605274361A900EAD5D3 /* TopViewController */,
				82B63A1B277CACA100E30E7B /* RecipeListViewController */,
				82B639F3277AF26B00E30E7B /* RecipeDetaileViewController */,
				82B63A29277D7D6B00E30E7B /* RecipeCreateViewController */,
				824B560627436BB400EAD5D3 /* FoodCollectionViewController */,
				82B63A24277CCA8F00E30E7B /* SelectFoodViewController */,
				82B63A25277CCAB400E30E7B /* RegisterFoodViewController */,
			);
			path = Controller;
			sourceTree = "<group>";
		};
		82A8618A2742BD860068689B /* API */ = {
			isa = PBXGroup;
			children = (
				82A861A82742BF420068689B /* ImageUploader.swift */,
				82B197A6278085E400E37F12 /* RecipeService.swift */,
				82B197AA2780871000E37F12 /* IngredientService.swift */,
				82B197AC2780872300E37F12 /* SpiceService.swift */,
				82B197AE2780873600E37F12 /* StepService.swift */,
				82A861A72742BF420068689B /* FoodService.swift */,
			);
			path = API;
			sourceTree = "<group>";
		};
		82A8618B2742BD8F0068689B /* Utils */ = {
			isa = PBXGroup;
			children = (
				824B56162743810000EAD5D3 /* Type */,
				82B63A04277B135700E30E7B /* Extension */,
				82B63A26277CCAD900E30E7B /* Constants */,
				82B63A27277CCAF300E30E7B /* UserDefault */,
				82B63A28277CCB0300E30E7B /* json */,
			);
			path = Utils;
			sourceTree = "<group>";
		};
		82A861982742BEBD0068689B /* DropDownMenuView */ = {
			isa = PBXGroup;
			children = (
				82A861942742BEB50068689B /* DropDownMenuView.swift */,
				82A861952742BEB60068689B /* DropDownMenuCell.swift */,
			);
			path = DropDownMenuView;
			sourceTree = "<group>";
		};
		82A8619D2742BEE70068689B /* FoodInfoView */ = {
			isa = PBXGroup;
			children = (
				82A8619A2742BEDF0068689B /* FoodInfoViewCell.swift */,
			);
			path = FoodInfoView;
			sourceTree = "<group>";
		};
		82A861A62742BF1B0068689B /* FoodCollection */ = {
			isa = PBXGroup;
			children = (
				82A861A32742BF120068689B /* FoodCollectionHeaderView.swift */,
				82A861A22742BF120068689B /* FoodCollectonViewCell.swift */,
			);
			path = FoodCollection;
			sourceTree = "<group>";
		};
		82A861B12742BF7E0068689B /* SelectTableView */ = {
			isa = PBXGroup;
			children = (
				82A861AD2742BF780068689B /* SelectTableView.swift */,
				82A861AE2742BF780068689B /* SelectTableViewCell.swift */,
			);
			path = SelectTableView;
			sourceTree = "<group>";
		};
		82B1979F2780670F00E37F12 /* APIHelper */ = {
			isa = PBXGroup;
			children = (
				82B197A02780847B00E37F12 /* IngredientInfo.swift */,
				82B197A2278084E100E37F12 /* SpiceInfo.swift */,
				82B197A42780850900E37F12 /* StepInfo.swift */,
				82B197B027808F9200E37F12 /* FoodInfo.swift */,
				82B197A82780869C00E37F12 /* RecipeInfo.swift */,
			);
			path = APIHelper;
			sourceTree = "<group>";
		};
		82B197B22780A90200E37F12 /* SelectFoodViewCell */ = {
			isa = PBXGroup;
			children = (
				82B197B32780A95100E37F12 /* SelectFoodViewCell.swift */,
			);
			path = SelectFoodViewCell;
			sourceTree = "<group>";
		};
		82B197B927835A2100E37F12 /* RecipeList */ = {
			isa = PBXGroup;
			children = (
				82B197BA27835A4400E37F12 /* Recipe.swift */,
			);
			path = RecipeList;
			sourceTree = "<group>";
		};
		82B639E92779FE3700E30E7B /* TopCategoryView */ = {
			isa = PBXGroup;
			children = (
				82B639EA2779FE5700E30E7B /* TopCategoryView.swift */,
				82B639EC277ABF6A00E30E7B /* TopCategoryViewCell.swift */,
			);
			path = TopCategoryView;
			sourceTree = "<group>";
		};
		82B639EE277AC97900E30E7B /* FoodListView */ = {
			isa = PBXGroup;
			children = (
				82B639EF277AC9A300E30E7B /* FoodListView.swift */,
				82B639F1277ACBAF00E30E7B /* FoodListViewCell.swift */,
			);
			path = FoodListView;
			sourceTree = "<group>";
		};
		82B639F3277AF26B00E30E7B /* RecipeDetaileViewController */ = {
			isa = PBXGroup;
			children = (
				82B639F4277AF2A100E30E7B /* RecipeDetaileViewController.swift */,
			);
			path = RecipeDetaileViewController;
			sourceTree = "<group>";
		};
		82B639F8277AF3D000E30E7B /* Top */ = {
			isa = PBXGroup;
			children = (
				82B639E92779FE3700E30E7B /* TopCategoryView */,
				82B639EE277AC97900E30E7B /* FoodListView */,
			);
			path = Top;
			sourceTree = "<group>";
		};
		82B639FE277AFAAB00E30E7B /* RecipeDetaile */ = {
			isa = PBXGroup;
			children = (
				82B639FA277AF43700E30E7B /* RecipeDetaileView.swift */,
				82B639FC277AF72100E30E7B /* RecipeDetaileViewCell.swift */,
			);
			path = RecipeDetaile;
			sourceTree = "<group>";
		};
		82B63A04277B135700E30E7B /* Extension */ = {
			isa = PBXGroup;
			children = (
				82A861B62742BFA70068689B /* UIView + Extensions.swift */,
				82B63A05277B137700E30E7B /* UILabel + Extension.swift */,
				82B63A07277B146500E30E7B /* UITextView + Extension.swift */,
				82B63A09277B15A400E30E7B /* UIImageVIew +  Extension.swift */,
				82B63A0B277B178800E30E7B /* UITextField + Extension.swift */,
				82B63A2C277D7EFB00E30E7B /* UIButton + Extension.swift */,
			);
			path = Extension;
			sourceTree = "<group>";
		};
		82B63A11277C7F8A00E30E7B /* RecipeDetaile */ = {
			isa = PBXGroup;
			children = (
				82B63A0F277BFF6900E30E7B /* RecipeDetaile.swift */,
				82B63A12277C7FC300E30E7B /* Ingredient.swift */,
				82B63A14277C7FD000E30E7B /* Spice.swift */,
				82B63A16277C7FDD00E30E7B /* Step.swift */,
				82B197BC27843C9900E37F12 /* Category.swift */,
			);
			path = RecipeDetaile;
			sourceTree = "<group>";
		};
		82B63A18277CAA0100E30E7B /* RecipeList */ = {
			isa = PBXGroup;
			children = (
				82B63A22277CAFBC00E30E7B /* TopIngredient */,
				82B63A20277CAFB600E30E7B /* RecipeListCell.swift */,
			);
			path = RecipeList;
			sourceTree = "<group>";
		};
		82B63A1B277CACA100E30E7B /* RecipeListViewController */ = {
			isa = PBXGroup;
			children = (
				82B63A19277CAA1D00E30E7B /* RecipeListViewController.swift */,
			);
			path = RecipeListViewController;
			sourceTree = "<group>";
		};
		82B63A22277CAFBC00E30E7B /* TopIngredient */ = {
			isa = PBXGroup;
			children = (
				82B63A1C277CADE000E30E7B /* TopIngredientView.swift */,
				82B63A1E277CAED200E30E7B /* TopIngredientViewCell.swift */,
			);
			path = TopIngredient;
			sourceTree = "<group>";
		};
		82B63A23277CC9AA00E30E7B /* Graph */ = {
			isa = PBXGroup;
			children = (
				82A8618C2742BE610068689B /* GraphView.swift */,
			);
			path = Graph;
			sourceTree = "<group>";
		};
		82B63A24277CCA8F00E30E7B /* SelectFoodViewController */ = {
			isa = PBXGroup;
			children = (
				82A8619E2742BEFD0068689B /* SelectFoodViewController.swift */,
			);
			path = SelectFoodViewController;
			sourceTree = "<group>";
		};
		82B63A25277CCAB400E30E7B /* RegisterFoodViewController */ = {
			isa = PBXGroup;
			children = (
				82A861992742BEDF0068689B /* RegisterFoodViewController.swift */,
			);
			path = RegisterFoodViewController;
			sourceTree = "<group>";
		};
		82B63A26277CCAD900E30E7B /* Constants */ = {
			isa = PBXGroup;
			children = (
				824B55FD2742C50900EAD5D3 /* Constants.swift */,
			);
			path = Constants;
			sourceTree = "<group>";
		};
		82B63A27277CCAF300E30E7B /* UserDefault */ = {
			isa = PBXGroup;
			children = (
				824B55FB2742C4EF00EAD5D3 /* UserDefaults.swift */,
			);
			path = UserDefault;
			sourceTree = "<group>";
		};
		82B63A28277CCB0300E30E7B /* json */ = {
			isa = PBXGroup;
			children = (
				82A861AB2742BF590068689B /* food.json */,
			);
			path = json;
			sourceTree = "<group>";
		};
		82B63A29277D7D6B00E30E7B /* RecipeCreateViewController */ = {
			isa = PBXGroup;
			children = (
				8243E1FF277DF82800CB063D /* RecipeCreateViewController.swift */,
				82B197B52782BE1A00E37F12 /* RecipeCreateViewController + RecipeCreateViewDelegate.swift */,
			);
			path = RecipeCreateViewController;
			sourceTree = "<group>";
		};
		82B63A2E277D88EF00E30E7B /* RecipeCreate */ = {
			isa = PBXGroup;
			children = (
				82B63A2F277D893B00E30E7B /* RecipeCreateView.swift */,
				82B63A35277DB41C00E30E7B /* RecipeCreateViewHeader.swift */,
				82B63A31277D89F100E30E7B /* RecipeCreateViewCell.swift */,
			);
			path = RecipeCreate;
			sourceTree = "<group>";
		};
		970172087B235CE2B7E88A88 /* Pods */ = {
			isa = PBXGroup;
			children = (
				83A311DFD9366E540E58E663 /* Pods-Nutorition.debug.xcconfig */,
				891A39DBCD63290F3841C341 /* Pods-Nutorition.release.xcconfig */,
				38E987697B61D9D9E13AD184 /* Pods-Nutorition-NutoritionUITests.debug.xcconfig */,
				7C60E513285CF2DE3B03A39B /* Pods-Nutorition-NutoritionUITests.release.xcconfig */,
				AE9FF94494234432A9DA757A /* Pods-NutoritionTests.debug.xcconfig */,
				BCACC0E60922599D3ABE4A3C /* Pods-NutoritionTests.release.xcconfig */,
			);
			path = Pods;
			sourceTree = "<group>";
		};
		B7801FA61F38648AEBEA9701 /* Frameworks */ = {
			isa = PBXGroup;
			children = (
				D8136201C301AA31908AEADB /* Pods_Nutorition.framework */,
				A72971D2606C52D6291D0187 /* Pods_Nutorition_NutoritionUITests.framework */,
				BA71636B93B2BE073ED6F4F6 /* Pods_NutoritionTests.framework */,
			);
			name = Frameworks;
			sourceTree = "<group>";
		};
/* End PBXGroup section */

/* Begin PBXNativeTarget section */
		82A861522742BCDE0068689B /* Nutorition */ = {
			isa = PBXNativeTarget;
			buildConfigurationList = 82A8617D2742BCE50068689B /* Build configuration list for PBXNativeTarget "Nutorition" */;
			buildPhases = (
				7163FEF9482161BDF0C02F88 /* [CP] Check Pods Manifest.lock */,
				82A8614F2742BCDE0068689B /* Sources */,
				82A861502742BCDE0068689B /* Frameworks */,
				82A861512742BCDE0068689B /* Resources */,
				4EF9F2A03848AD66E1BBA6DC /* [CP] Embed Pods Frameworks */,
			);
			buildRules = (
			);
			dependencies = (
			);
			name = Nutorition;
			productName = Nutorition;
			productReference = 82A861532742BCDE0068689B /* Nutorition.app */;
			productType = "com.apple.product-type.application";
		};
		82A861682742BCE50068689B /* NutoritionTests */ = {
			isa = PBXNativeTarget;
			buildConfigurationList = 82A861802742BCE50068689B /* Build configuration list for PBXNativeTarget "NutoritionTests" */;
			buildPhases = (
				66C2FAA999A201C32F8AC142 /* [CP] Check Pods Manifest.lock */,
				82A861652742BCE50068689B /* Sources */,
				82A861662742BCE50068689B /* Frameworks */,
				82A861672742BCE50068689B /* Resources */,
			);
			buildRules = (
			);
			dependencies = (
				82A8616B2742BCE50068689B /* PBXTargetDependency */,
			);
			name = NutoritionTests;
			productName = NutoritionTests;
			productReference = 82A861692742BCE50068689B /* NutoritionTests.xctest */;
			productType = "com.apple.product-type.bundle.unit-test";
		};
		82A861732742BCE50068689B /* NutoritionUITests */ = {
			isa = PBXNativeTarget;
			buildConfigurationList = 82A861832742BCE50068689B /* Build configuration list for PBXNativeTarget "NutoritionUITests" */;
			buildPhases = (
				575EB2CBC7FCA150F800BD20 /* [CP] Check Pods Manifest.lock */,
				82A861702742BCE50068689B /* Sources */,
				82A861712742BCE50068689B /* Frameworks */,
				82A861722742BCE50068689B /* Resources */,
				E614EBDB29B983CE73C7A9BB /* [CP] Embed Pods Frameworks */,
			);
			buildRules = (
			);
			dependencies = (
				82A861762742BCE50068689B /* PBXTargetDependency */,
			);
			name = NutoritionUITests;
			productName = NutoritionUITests;
			productReference = 82A861742742BCE50068689B /* NutoritionUITests.xctest */;
			productType = "com.apple.product-type.bundle.ui-testing";
		};
/* End PBXNativeTarget section */

/* Begin PBXProject section */
		82A8614B2742BCDE0068689B /* Project object */ = {
			isa = PBXProject;
			attributes = {
				LastSwiftUpdateCheck = 1250;
				LastUpgradeCheck = 1250;
				TargetAttributes = {
					82A861522742BCDE0068689B = {
						CreatedOnToolsVersion = 12.5.1;
					};
					82A861682742BCE50068689B = {
						CreatedOnToolsVersion = 12.5.1;
						TestTargetID = 82A861522742BCDE0068689B;
					};
					82A861732742BCE50068689B = {
						CreatedOnToolsVersion = 12.5.1;
						TestTargetID = 82A861522742BCDE0068689B;
					};
				};
			};
			buildConfigurationList = 82A8614E2742BCDE0068689B /* Build configuration list for PBXProject "Nutorition" */;
			compatibilityVersion = "Xcode 9.3";
			developmentRegion = en;
			hasScannedForEncodings = 0;
			knownRegions = (
				en,
				Base,
			);
			mainGroup = 82A8614A2742BCDE0068689B;
			productRefGroup = 82A861542742BCDE0068689B /* Products */;
			projectDirPath = "";
			projectRoot = "";
			targets = (
				82A861522742BCDE0068689B /* Nutorition */,
				82A861682742BCE50068689B /* NutoritionTests */,
				82A861732742BCE50068689B /* NutoritionUITests */,
			);
		};
/* End PBXProject section */

/* Begin PBXResourcesBuildPhase section */
		82A861512742BCDE0068689B /* Resources */ = {
			isa = PBXResourcesBuildPhase;
			buildActionMask = 2147483647;
			files = (
				82A861AC2742BF590068689B /* food.json in Resources */,
				82A861B92742C0C00068689B /* GoogleService-Info.plist in Resources */,
				82A861632742BCE40068689B /* LaunchScreen.storyboard in Resources */,
				82A861602742BCE40068689B /* Assets.xcassets in Resources */,
			);
			runOnlyForDeploymentPostprocessing = 0;
		};
		82A861672742BCE50068689B /* Resources */ = {
			isa = PBXResourcesBuildPhase;
			buildActionMask = 2147483647;
			files = (
			);
			runOnlyForDeploymentPostprocessing = 0;
		};
		82A861722742BCE50068689B /* Resources */ = {
			isa = PBXResourcesBuildPhase;
			buildActionMask = 2147483647;
			files = (
			);
			runOnlyForDeploymentPostprocessing = 0;
		};
/* End PBXResourcesBuildPhase section */

/* Begin PBXShellScriptBuildPhase section */
		4EF9F2A03848AD66E1BBA6DC /* [CP] Embed Pods Frameworks */ = {
			isa = PBXShellScriptBuildPhase;
			buildActionMask = 2147483647;
			files = (
			);
			inputFileListPaths = (
				"${PODS_ROOT}/Target Support Files/Pods-Nutorition/Pods-Nutorition-frameworks-${CONFIGURATION}-input-files.xcfilelist",
			);
			name = "[CP] Embed Pods Frameworks";
			outputFileListPaths = (
				"${PODS_ROOT}/Target Support Files/Pods-Nutorition/Pods-Nutorition-frameworks-${CONFIGURATION}-output-files.xcfilelist",
			);
			runOnlyForDeploymentPostprocessing = 0;
			shellPath = /bin/sh;
			shellScript = "\"${PODS_ROOT}/Target Support Files/Pods-Nutorition/Pods-Nutorition-frameworks.sh\"\n";
			showEnvVarsInLog = 0;
		};
		575EB2CBC7FCA150F800BD20 /* [CP] Check Pods Manifest.lock */ = {
			isa = PBXShellScriptBuildPhase;
			buildActionMask = 2147483647;
			files = (
			);
			inputFileListPaths = (
			);
			inputPaths = (
				"${PODS_PODFILE_DIR_PATH}/Podfile.lock",
				"${PODS_ROOT}/Manifest.lock",
			);
			name = "[CP] Check Pods Manifest.lock";
			outputFileListPaths = (
			);
			outputPaths = (
				"$(DERIVED_FILE_DIR)/Pods-Nutorition-NutoritionUITests-checkManifestLockResult.txt",
			);
			runOnlyForDeploymentPostprocessing = 0;
			shellPath = /bin/sh;
			shellScript = "diff \"${PODS_PODFILE_DIR_PATH}/Podfile.lock\" \"${PODS_ROOT}/Manifest.lock\" > /dev/null\nif [ $? != 0 ] ; then\n    # print error to STDERR\n    echo \"error: The sandbox is not in sync with the Podfile.lock. Run 'pod install' or update your CocoaPods installation.\" >&2\n    exit 1\nfi\n# This output is used by Xcode 'outputs' to avoid re-running this script phase.\necho \"SUCCESS\" > \"${SCRIPT_OUTPUT_FILE_0}\"\n";
			showEnvVarsInLog = 0;
		};
		66C2FAA999A201C32F8AC142 /* [CP] Check Pods Manifest.lock */ = {
			isa = PBXShellScriptBuildPhase;
			buildActionMask = 2147483647;
			files = (
			);
			inputFileListPaths = (
			);
			inputPaths = (
				"${PODS_PODFILE_DIR_PATH}/Podfile.lock",
				"${PODS_ROOT}/Manifest.lock",
			);
			name = "[CP] Check Pods Manifest.lock";
			outputFileListPaths = (
			);
			outputPaths = (
				"$(DERIVED_FILE_DIR)/Pods-NutoritionTests-checkManifestLockResult.txt",
			);
			runOnlyForDeploymentPostprocessing = 0;
			shellPath = /bin/sh;
			shellScript = "diff \"${PODS_PODFILE_DIR_PATH}/Podfile.lock\" \"${PODS_ROOT}/Manifest.lock\" > /dev/null\nif [ $? != 0 ] ; then\n    # print error to STDERR\n    echo \"error: The sandbox is not in sync with the Podfile.lock. Run 'pod install' or update your CocoaPods installation.\" >&2\n    exit 1\nfi\n# This output is used by Xcode 'outputs' to avoid re-running this script phase.\necho \"SUCCESS\" > \"${SCRIPT_OUTPUT_FILE_0}\"\n";
			showEnvVarsInLog = 0;
		};
		7163FEF9482161BDF0C02F88 /* [CP] Check Pods Manifest.lock */ = {
			isa = PBXShellScriptBuildPhase;
			buildActionMask = 2147483647;
			files = (
			);
			inputFileListPaths = (
			);
			inputPaths = (
				"${PODS_PODFILE_DIR_PATH}/Podfile.lock",
				"${PODS_ROOT}/Manifest.lock",
			);
			name = "[CP] Check Pods Manifest.lock";
			outputFileListPaths = (
			);
			outputPaths = (
				"$(DERIVED_FILE_DIR)/Pods-Nutorition-checkManifestLockResult.txt",
			);
			runOnlyForDeploymentPostprocessing = 0;
			shellPath = /bin/sh;
			shellScript = "diff \"${PODS_PODFILE_DIR_PATH}/Podfile.lock\" \"${PODS_ROOT}/Manifest.lock\" > /dev/null\nif [ $? != 0 ] ; then\n    # print error to STDERR\n    echo \"error: The sandbox is not in sync with the Podfile.lock. Run 'pod install' or update your CocoaPods installation.\" >&2\n    exit 1\nfi\n# This output is used by Xcode 'outputs' to avoid re-running this script phase.\necho \"SUCCESS\" > \"${SCRIPT_OUTPUT_FILE_0}\"\n";
			showEnvVarsInLog = 0;
		};
		E614EBDB29B983CE73C7A9BB /* [CP] Embed Pods Frameworks */ = {
			isa = PBXShellScriptBuildPhase;
			buildActionMask = 2147483647;
			files = (
			);
			inputFileListPaths = (
				"${PODS_ROOT}/Target Support Files/Pods-Nutorition-NutoritionUITests/Pods-Nutorition-NutoritionUITests-frameworks-${CONFIGURATION}-input-files.xcfilelist",
			);
			name = "[CP] Embed Pods Frameworks";
			outputFileListPaths = (
				"${PODS_ROOT}/Target Support Files/Pods-Nutorition-NutoritionUITests/Pods-Nutorition-NutoritionUITests-frameworks-${CONFIGURATION}-output-files.xcfilelist",
			);
			runOnlyForDeploymentPostprocessing = 0;
			shellPath = /bin/sh;
			shellScript = "\"${PODS_ROOT}/Target Support Files/Pods-Nutorition-NutoritionUITests/Pods-Nutorition-NutoritionUITests-frameworks.sh\"\n";
			showEnvVarsInLog = 0;
		};
/* End PBXShellScriptBuildPhase section */

/* Begin PBXSourcesBuildPhase section */
		82A8614F2742BCDE0068689B /* Sources */ = {
			isa = PBXSourcesBuildPhase;
			buildActionMask = 2147483647;
			files = (
				824B5618274381E600EAD5D3 /* FoodItem.swift in Sources */,
				824B560C27436F1400EAD5D3 /* FoodCollectionVC + FoodCollectionHeaderViewDelegate.swift in Sources */,
				82B63A06277B137700E30E7B /* UILabel + Extension.swift in Sources */,
				82A861A12742BF0A0068689B /* FoodCollectionViewController.swift in Sources */,
				824B560E2743705B00EAD5D3 /* FoodCollectionVC + UICollectionViewDelegateFlowLayout.swift in Sources */,
				82B63A0E277BFF2B00E30E7B /* RecipeDetaileViewModel.swift in Sources */,
				82B63A32277D89F100E30E7B /* RecipeCreateViewCell.swift in Sources */,
				82B197A7278085E400E37F12 /* RecipeService.swift in Sources */,
				824B5600274348DE00EAD5D3 /* FoodListViewModel.swift in Sources */,
				82B63A30277D893C00E30E7B /* RecipeCreateView.swift in Sources */,
				82B639ED277ABF6C00E30E7B /* TopCategoryViewCell.swift in Sources */,
				82B63A1F277CAED200E30E7B /* TopIngredientViewCell.swift in Sources */,
				82B197AD2780872300E37F12 /* SpiceService.swift in Sources */,
				82A861572742BCDE0068689B /* AppDelegate.swift in Sources */,
				82B197BD27843C9900E37F12 /* Category.swift in Sources */,
				82B63A17277C7FDD00E30E7B /* Step.swift in Sources */,
				824B560A27436CA400EAD5D3 /* FoodCollectionVC + UICollectionViewDelegate.swift in Sources */,
				82B63A1D277CADE000E30E7B /* TopIngredientView.swift in Sources */,
				82B63A21277CAFB600E30E7B /* RecipeListCell.swift in Sources */,
				82B197B42780A95100E37F12 /* SelectFoodViewCell.swift in Sources */,
				82B639F5277AF2A200E30E7B /* RecipeDetaileViewController.swift in Sources */,
				82A8619F2742BEFD0068689B /* SelectFoodViewController.swift in Sources */,
				82B63A13277C7FC300E30E7B /* Ingredient.swift in Sources */,
				824B560227434B1100EAD5D3 /* FoodViewModel.swift in Sources */,
				82A861A92742BF420068689B /* FoodService.swift in Sources */,
				82A861B02742BF790068689B /* SelectTableViewCell.swift in Sources */,
				82B639EB2779FE5A00E30E7B /* TopCategoryView.swift in Sources */,
				82B197AF2780873600E37F12 /* StepService.swift in Sources */,
				82B197A52780850900E37F12 /* StepInfo.swift in Sources */,
				824B55FE2742C50900EAD5D3 /* Constants.swift in Sources */,
				82A8618D2742BE610068689B /* GraphView.swift in Sources */,
				82B197B62782BE3C00E37F12 /* RecipeCreateViewController + RecipeCreateViewDelegate.swift in Sources */,
				82A861972742BEB60068689B /* DropDownMenuCell.swift in Sources */,
				82A861592742BCDF0068689B /* SceneDelegate.swift in Sources */,
				82B197A12780847B00E37F12 /* IngredientInfo.swift in Sources */,
				82B63A0A277B15A400E30E7B /* UIImageVIew +  Extension.swift in Sources */,
				82B63A2D277D7EFB00E30E7B /* UIButton + Extension.swift in Sources */,
				824B56112743732900EAD5D3 /* FoodJson.swift in Sources */,
				82A861A42742BF120068689B /* FoodCollectonViewCell.swift in Sources */,
				82B63A15277C7FD000E30E7B /* Spice.swift in Sources */,
				82B197BB27835A4900E37F12 /* Recipe.swift in Sources */,
				82A8619C2742BEE00068689B /* FoodInfoViewCell.swift in Sources */,
				82B63A0C277B178800E30E7B /* UITextField + Extension.swift in Sources */,
				82B639FD277AF72100E30E7B /* RecipeDetaileViewCell.swift in Sources */,
				824B561327437DC600EAD5D3 /* FoodType.swift in Sources */,
				82B63A1A277CAA1E00E30E7B /* RecipeListViewController.swift in Sources */,
				82A861AF2742BF790068689B /* SelectTableView.swift in Sources */,
				82A861B72742BFA70068689B /* UIView + Extensions.swift in Sources */,
				824B55FC2742C4F000EAD5D3 /* UserDefaults.swift in Sources */,
				824B5615274380C300EAD5D3 /* RegisterViewCategoryType.swift in Sources */,
				82B197A3278084E100E37F12 /* SpiceInfo.swift in Sources */,
				82B63A08277B146500E30E7B /* UITextView + Extension.swift in Sources */,
				82B639FB277AF43700E30E7B /* RecipeDetaileView.swift in Sources */,
				82A8619B2742BEE00068689B /* RegisterFoodViewController.swift in Sources */,
				8243E200277DF82800CB063D /* RecipeCreateViewController.swift in Sources */,
				824B560827436BF200EAD5D3 /* FoodCollectionVC + UICollectionViewDataSource.swift in Sources */,
				82A861962742BEB60068689B /* DropDownMenuView.swift in Sources */,
				82B197B127808F9200E37F12 /* FoodInfo.swift in Sources */,
				82B63A36277DB41D00E30E7B /* RecipeCreateViewHeader.swift in Sources */,
				82B639F0277AC9A300E30E7B /* FoodListView.swift in Sources */,
				82B63A34277D9AAF00E30E7B /* RecipeCreateViewModel.swift in Sources */,
				82A861AA2742BF420068689B /* ImageUploader.swift in Sources */,
				82B639F2277ACBAF00E30E7B /* FoodListViewCell.swift in Sources */,
				82B197AB2780871000E37F12 /* IngredientService.swift in Sources */,
				82A8618F2742BE6B0068689B /* TopViewController.swift in Sources */,
				82B197A92780869C00E37F12 /* RecipeInfo.swift in Sources */,
				824B56042743532600EAD5D3 /* DropDownMenuViewModel.swift in Sources */,
				82B63A10277BFF6900E30E7B /* RecipeDetaile.swift in Sources */,
				82A861A52742BF120068689B /* FoodCollectionHeaderView.swift in Sources */,
			);
			runOnlyForDeploymentPostprocessing = 0;
		};
		82A861652742BCE50068689B /* Sources */ = {
			isa = PBXSourcesBuildPhase;
			buildActionMask = 2147483647;
			files = (
				82A8616E2742BCE50068689B /* NutoritionTests.swift in Sources */,
			);
			runOnlyForDeploymentPostprocessing = 0;
		};
		82A861702742BCE50068689B /* Sources */ = {
			isa = PBXSourcesBuildPhase;
			buildActionMask = 2147483647;
			files = (
				82A861792742BCE50068689B /* NutoritionUITests.swift in Sources */,
			);
			runOnlyForDeploymentPostprocessing = 0;
		};
/* End PBXSourcesBuildPhase section */

/* Begin PBXTargetDependency section */
		82A8616B2742BCE50068689B /* PBXTargetDependency */ = {
			isa = PBXTargetDependency;
			target = 82A861522742BCDE0068689B /* Nutorition */;
			targetProxy = 82A8616A2742BCE50068689B /* PBXContainerItemProxy */;
		};
		82A861762742BCE50068689B /* PBXTargetDependency */ = {
			isa = PBXTargetDependency;
			target = 82A861522742BCDE0068689B /* Nutorition */;
			targetProxy = 82A861752742BCE50068689B /* PBXContainerItemProxy */;
		};
/* End PBXTargetDependency section */

/* Begin PBXVariantGroup section */
		82A861612742BCE40068689B /* LaunchScreen.storyboard */ = {
			isa = PBXVariantGroup;
			children = (
				82A861622742BCE40068689B /* Base */,
			);
			name = LaunchScreen.storyboard;
			sourceTree = "<group>";
		};
/* End PBXVariantGroup section */

/* Begin XCBuildConfiguration section */
		82A8617B2742BCE50068689B /* Debug */ = {
			isa = XCBuildConfiguration;
			buildSettings = {
				ALWAYS_SEARCH_USER_PATHS = NO;
				CLANG_ANALYZER_NONNULL = YES;
				CLANG_ANALYZER_NUMBER_OBJECT_CONVERSION = YES_AGGRESSIVE;
				CLANG_CXX_LANGUAGE_STANDARD = "gnu++14";
				CLANG_CXX_LIBRARY = "libc++";
				CLANG_ENABLE_MODULES = YES;
				CLANG_ENABLE_OBJC_ARC = YES;
				CLANG_ENABLE_OBJC_WEAK = YES;
				CLANG_WARN_BLOCK_CAPTURE_AUTORELEASING = YES;
				CLANG_WARN_BOOL_CONVERSION = YES;
				CLANG_WARN_COMMA = YES;
				CLANG_WARN_CONSTANT_CONVERSION = YES;
				CLANG_WARN_DEPRECATED_OBJC_IMPLEMENTATIONS = YES;
				CLANG_WARN_DIRECT_OBJC_ISA_USAGE = YES_ERROR;
				CLANG_WARN_DOCUMENTATION_COMMENTS = YES;
				CLANG_WARN_EMPTY_BODY = YES;
				CLANG_WARN_ENUM_CONVERSION = YES;
				CLANG_WARN_INFINITE_RECURSION = YES;
				CLANG_WARN_INT_CONVERSION = YES;
				CLANG_WARN_NON_LITERAL_NULL_CONVERSION = YES;
				CLANG_WARN_OBJC_IMPLICIT_RETAIN_SELF = YES;
				CLANG_WARN_OBJC_LITERAL_CONVERSION = YES;
				CLANG_WARN_OBJC_ROOT_CLASS = YES_ERROR;
				CLANG_WARN_QUOTED_INCLUDE_IN_FRAMEWORK_HEADER = YES;
				CLANG_WARN_RANGE_LOOP_ANALYSIS = YES;
				CLANG_WARN_STRICT_PROTOTYPES = YES;
				CLANG_WARN_SUSPICIOUS_MOVE = YES;
				CLANG_WARN_UNGUARDED_AVAILABILITY = YES_AGGRESSIVE;
				CLANG_WARN_UNREACHABLE_CODE = YES;
				CLANG_WARN__DUPLICATE_METHOD_MATCH = YES;
				COPY_PHASE_STRIP = NO;
				DEBUG_INFORMATION_FORMAT = dwarf;
				ENABLE_STRICT_OBJC_MSGSEND = YES;
				ENABLE_TESTABILITY = YES;
				GCC_C_LANGUAGE_STANDARD = gnu11;
				GCC_DYNAMIC_NO_PIC = NO;
				GCC_NO_COMMON_BLOCKS = YES;
				GCC_OPTIMIZATION_LEVEL = 0;
				GCC_PREPROCESSOR_DEFINITIONS = (
					"DEBUG=1",
					"$(inherited)",
				);
				GCC_WARN_64_TO_32_BIT_CONVERSION = YES;
				GCC_WARN_ABOUT_RETURN_TYPE = YES_ERROR;
				GCC_WARN_UNDECLARED_SELECTOR = YES;
				GCC_WARN_UNINITIALIZED_AUTOS = YES_AGGRESSIVE;
				GCC_WARN_UNUSED_FUNCTION = YES;
				GCC_WARN_UNUSED_VARIABLE = YES;
				IPHONEOS_DEPLOYMENT_TARGET = 14.5;
				MTL_ENABLE_DEBUG_INFO = INCLUDE_SOURCE;
				MTL_FAST_MATH = YES;
				ONLY_ACTIVE_ARCH = YES;
				SDKROOT = iphoneos;
				SWIFT_ACTIVE_COMPILATION_CONDITIONS = DEBUG;
				SWIFT_OPTIMIZATION_LEVEL = "-Onone";
			};
			name = Debug;
		};
		82A8617C2742BCE50068689B /* Release */ = {
			isa = XCBuildConfiguration;
			buildSettings = {
				ALWAYS_SEARCH_USER_PATHS = NO;
				CLANG_ANALYZER_NONNULL = YES;
				CLANG_ANALYZER_NUMBER_OBJECT_CONVERSION = YES_AGGRESSIVE;
				CLANG_CXX_LANGUAGE_STANDARD = "gnu++14";
				CLANG_CXX_LIBRARY = "libc++";
				CLANG_ENABLE_MODULES = YES;
				CLANG_ENABLE_OBJC_ARC = YES;
				CLANG_ENABLE_OBJC_WEAK = YES;
				CLANG_WARN_BLOCK_CAPTURE_AUTORELEASING = YES;
				CLANG_WARN_BOOL_CONVERSION = YES;
				CLANG_WARN_COMMA = YES;
				CLANG_WARN_CONSTANT_CONVERSION = YES;
				CLANG_WARN_DEPRECATED_OBJC_IMPLEMENTATIONS = YES;
				CLANG_WARN_DIRECT_OBJC_ISA_USAGE = YES_ERROR;
				CLANG_WARN_DOCUMENTATION_COMMENTS = YES;
				CLANG_WARN_EMPTY_BODY = YES;
				CLANG_WARN_ENUM_CONVERSION = YES;
				CLANG_WARN_INFINITE_RECURSION = YES;
				CLANG_WARN_INT_CONVERSION = YES;
				CLANG_WARN_NON_LITERAL_NULL_CONVERSION = YES;
				CLANG_WARN_OBJC_IMPLICIT_RETAIN_SELF = YES;
				CLANG_WARN_OBJC_LITERAL_CONVERSION = YES;
				CLANG_WARN_OBJC_ROOT_CLASS = YES_ERROR;
				CLANG_WARN_QUOTED_INCLUDE_IN_FRAMEWORK_HEADER = YES;
				CLANG_WARN_RANGE_LOOP_ANALYSIS = YES;
				CLANG_WARN_STRICT_PROTOTYPES = YES;
				CLANG_WARN_SUSPICIOUS_MOVE = YES;
				CLANG_WARN_UNGUARDED_AVAILABILITY = YES_AGGRESSIVE;
				CLANG_WARN_UNREACHABLE_CODE = YES;
				CLANG_WARN__DUPLICATE_METHOD_MATCH = YES;
				COPY_PHASE_STRIP = NO;
				DEBUG_INFORMATION_FORMAT = "dwarf-with-dsym";
				ENABLE_NS_ASSERTIONS = NO;
				ENABLE_STRICT_OBJC_MSGSEND = YES;
				GCC_C_LANGUAGE_STANDARD = gnu11;
				GCC_NO_COMMON_BLOCKS = YES;
				GCC_WARN_64_TO_32_BIT_CONVERSION = YES;
				GCC_WARN_ABOUT_RETURN_TYPE = YES_ERROR;
				GCC_WARN_UNDECLARED_SELECTOR = YES;
				GCC_WARN_UNINITIALIZED_AUTOS = YES_AGGRESSIVE;
				GCC_WARN_UNUSED_FUNCTION = YES;
				GCC_WARN_UNUSED_VARIABLE = YES;
				IPHONEOS_DEPLOYMENT_TARGET = 14.5;
				MTL_ENABLE_DEBUG_INFO = NO;
				MTL_FAST_MATH = YES;
				SDKROOT = iphoneos;
				SWIFT_COMPILATION_MODE = wholemodule;
				SWIFT_OPTIMIZATION_LEVEL = "-O";
				VALIDATE_PRODUCT = YES;
			};
			name = Release;
		};
		82A8617E2742BCE50068689B /* Debug */ = {
			isa = XCBuildConfiguration;
			baseConfigurationReference = 83A311DFD9366E540E58E663 /* Pods-Nutorition.debug.xcconfig */;
			buildSettings = {
				ASSETCATALOG_COMPILER_APPICON_NAME = AppIcon;
				ASSETCATALOG_COMPILER_GLOBAL_ACCENT_COLOR_NAME = AccentColor;
				CODE_SIGN_STYLE = Automatic;
				DEVELOPMENT_TEAM = PDML6R8TWQ;
				INFOPLIST_FILE = Nutorition/Info.plist;
				LD_RUNPATH_SEARCH_PATHS = (
					"$(inherited)",
					"@executable_path/Frameworks",
				);
				PRODUCT_BUNDLE_IDENTIFIER = com.gmail.eminokobayashi.Nutorition;
				PRODUCT_NAME = "$(TARGET_NAME)";
				SWIFT_VERSION = 5.0;
				TARGETED_DEVICE_FAMILY = "1,2";
			};
			name = Debug;
		};
		82A8617F2742BCE50068689B /* Release */ = {
			isa = XCBuildConfiguration;
			baseConfigurationReference = 891A39DBCD63290F3841C341 /* Pods-Nutorition.release.xcconfig */;
			buildSettings = {
				ASSETCATALOG_COMPILER_APPICON_NAME = AppIcon;
				ASSETCATALOG_COMPILER_GLOBAL_ACCENT_COLOR_NAME = AccentColor;
				CODE_SIGN_STYLE = Automatic;
				DEVELOPMENT_TEAM = PDML6R8TWQ;
				INFOPLIST_FILE = Nutorition/Info.plist;
				LD_RUNPATH_SEARCH_PATHS = (
					"$(inherited)",
					"@executable_path/Frameworks",
				);
				PRODUCT_BUNDLE_IDENTIFIER = com.gmail.eminokobayashi.Nutorition;
				PRODUCT_NAME = "$(TARGET_NAME)";
				SWIFT_VERSION = 5.0;
				TARGETED_DEVICE_FAMILY = "1,2";
			};
			name = Release;
		};
		82A861812742BCE50068689B /* Debug */ = {
			isa = XCBuildConfiguration;
			baseConfigurationReference = AE9FF94494234432A9DA757A /* Pods-NutoritionTests.debug.xcconfig */;
			buildSettings = {
				ALWAYS_EMBED_SWIFT_STANDARD_LIBRARIES = YES;
				BUNDLE_LOADER = "$(TEST_HOST)";
				CODE_SIGN_STYLE = Automatic;
				DEVELOPMENT_TEAM = PDML6R8TWQ;
				INFOPLIST_FILE = NutoritionTests/Info.plist;
				IPHONEOS_DEPLOYMENT_TARGET = 14.5;
				LD_RUNPATH_SEARCH_PATHS = (
					"$(inherited)",
					"@executable_path/Frameworks",
					"@loader_path/Frameworks",
				);
				PRODUCT_BUNDLE_IDENTIFIER = com.gmail.eminokobayashi.NutoritionTests;
				PRODUCT_NAME = "$(TARGET_NAME)";
				SWIFT_VERSION = 5.0;
				TARGETED_DEVICE_FAMILY = "1,2";
				TEST_HOST = "$(BUILT_PRODUCTS_DIR)/Nutorition.app/Nutorition";
			};
			name = Debug;
		};
		82A861822742BCE50068689B /* Release */ = {
			isa = XCBuildConfiguration;
			baseConfigurationReference = BCACC0E60922599D3ABE4A3C /* Pods-NutoritionTests.release.xcconfig */;
			buildSettings = {
				ALWAYS_EMBED_SWIFT_STANDARD_LIBRARIES = YES;
				BUNDLE_LOADER = "$(TEST_HOST)";
				CODE_SIGN_STYLE = Automatic;
				DEVELOPMENT_TEAM = PDML6R8TWQ;
				INFOPLIST_FILE = NutoritionTests/Info.plist;
				IPHONEOS_DEPLOYMENT_TARGET = 14.5;
				LD_RUNPATH_SEARCH_PATHS = (
					"$(inherited)",
					"@executable_path/Frameworks",
					"@loader_path/Frameworks",
				);
				PRODUCT_BUNDLE_IDENTIFIER = com.gmail.eminokobayashi.NutoritionTests;
				PRODUCT_NAME = "$(TARGET_NAME)";
				SWIFT_VERSION = 5.0;
				TARGETED_DEVICE_FAMILY = "1,2";
				TEST_HOST = "$(BUILT_PRODUCTS_DIR)/Nutorition.app/Nutorition";
			};
			name = Release;
		};
		82A861842742BCE50068689B /* Debug */ = {
			isa = XCBuildConfiguration;
			baseConfigurationReference = 38E987697B61D9D9E13AD184 /* Pods-Nutorition-NutoritionUITests.debug.xcconfig */;
			buildSettings = {
				ALWAYS_EMBED_SWIFT_STANDARD_LIBRARIES = YES;
				CODE_SIGN_STYLE = Automatic;
				DEVELOPMENT_TEAM = PDML6R8TWQ;
				INFOPLIST_FILE = NutoritionUITests/Info.plist;
				LD_RUNPATH_SEARCH_PATHS = (
					"$(inherited)",
					"@executable_path/Frameworks",
					"@loader_path/Frameworks",
				);
				PRODUCT_BUNDLE_IDENTIFIER = com.gmail.eminokobayashi.NutoritionUITests;
				PRODUCT_NAME = "$(TARGET_NAME)";
				SWIFT_VERSION = 5.0;
				TARGETED_DEVICE_FAMILY = "1,2";
				TEST_TARGET_NAME = Nutorition;
			};
			name = Debug;
		};
		82A861852742BCE50068689B /* Release */ = {
			isa = XCBuildConfiguration;
			baseConfigurationReference = 7C60E513285CF2DE3B03A39B /* Pods-Nutorition-NutoritionUITests.release.xcconfig */;
			buildSettings = {
				ALWAYS_EMBED_SWIFT_STANDARD_LIBRARIES = YES;
				CODE_SIGN_STYLE = Automatic;
				DEVELOPMENT_TEAM = PDML6R8TWQ;
				INFOPLIST_FILE = NutoritionUITests/Info.plist;
				LD_RUNPATH_SEARCH_PATHS = (
					"$(inherited)",
					"@executable_path/Frameworks",
					"@loader_path/Frameworks",
				);
				PRODUCT_BUNDLE_IDENTIFIER = com.gmail.eminokobayashi.NutoritionUITests;
				PRODUCT_NAME = "$(TARGET_NAME)";
				SWIFT_VERSION = 5.0;
				TARGETED_DEVICE_FAMILY = "1,2";
				TEST_TARGET_NAME = Nutorition;
			};
			name = Release;
		};
/* End XCBuildConfiguration section */

/* Begin XCConfigurationList section */
		82A8614E2742BCDE0068689B /* Build configuration list for PBXProject "Nutorition" */ = {
			isa = XCConfigurationList;
			buildConfigurations = (
				82A8617B2742BCE50068689B /* Debug */,
				82A8617C2742BCE50068689B /* Release */,
			);
			defaultConfigurationIsVisible = 0;
			defaultConfigurationName = Release;
		};
		82A8617D2742BCE50068689B /* Build configuration list for PBXNativeTarget "Nutorition" */ = {
			isa = XCConfigurationList;
			buildConfigurations = (
				82A8617E2742BCE50068689B /* Debug */,
				82A8617F2742BCE50068689B /* Release */,
			);
			defaultConfigurationIsVisible = 0;
			defaultConfigurationName = Release;
		};
		82A861802742BCE50068689B /* Build configuration list for PBXNativeTarget "NutoritionTests" */ = {
			isa = XCConfigurationList;
			buildConfigurations = (
				82A861812742BCE50068689B /* Debug */,
				82A861822742BCE50068689B /* Release */,
			);
			defaultConfigurationIsVisible = 0;
			defaultConfigurationName = Release;
		};
		82A861832742BCE50068689B /* Build configuration list for PBXNativeTarget "NutoritionUITests" */ = {
			isa = XCConfigurationList;
			buildConfigurations = (
				82A861842742BCE50068689B /* Debug */,
				82A861852742BCE50068689B /* Release */,
			);
			defaultConfigurationIsVisible = 0;
			defaultConfigurationName = Release;
		};
/* End XCConfigurationList section */
	};
	rootObject = 82A8614B2742BCDE0068689B /* Project object */;
}
